
Microsoft Visual Studio Solution File, Format Version 12.00
# Visual Studio Version 16
VisualStudioVersion = 16.0.31729.503
MinimumVisualStudioVersion = 10.0.40219.1
Project("{FAE04EC0-301F-11D3-BF4B-00C04F79EFBC}") = "CalculoPag", "CalculoPag\CalculoPag.csproj", "{2F030AAC-C8A3-499F-A4CE-1EFDAF80D68E}"
EndProject
Project("{FAE04EC0-301F-11D3-BF4B-00C04F79EFBC}") = "Domain", "Domain\Domain.csproj", "{1B09E5CC-2780-4EA3-9DE6-BFE938B02276}"
EndProject
Global
	GlobalSection(SolutionConfigurationPlatforms) = preSolution
		Debug|Any CPU = Debug|Any CPU
		Release|Any CPU = Release|Any CPU
	EndGlobalSection
	GlobalSection(ProjectConfigurationPlatforms) = postSolution
		{2F030AAC-C8A3-499F-A4CE-1EFDAF80D68E}.Debug|Any CPU.ActiveCfg = Debug|Any CPU
		{2F030AAC-C8A3-499F-A4CE-1EFDAF80D68E}.Debug|Any CPU.Build.0 = Debug|Any CPU
		{2F030AAC-C8A3-499F-A4CE-1EFDAF80D68E}.Release|Any CPU.ActiveCfg = Release|Any CPU
		{2F030AAC-C8A3-499F-A4CE-1EFDAF80D68E}.Release|Any CPU.Build.0 = Release|Any CPU
		{1B09E5CC-2780-4EA3-9DE6-BFE938B02276}.Debug|Any CPU.ActiveCfg = Debug|Any CPU
		{1B09E5CC-2780-4EA3-9DE6-BFE938B02276}.Debug|Any CPU.Build.0 = Debug|Any CPU
		{1B09E5CC-2780-4EA3-9DE6-BFE938B02276}.Release|Any CPU.ActiveCfg = Release|Any CPU
		{1B09E5CC-2780-4EA3-9DE6-BFE938B02276}.Release|Any CPU.Build.0 = Release|Any CPU
	EndGlobalSection
	GlobalSection(SolutionProperties) = preSolution
		HideSolutionNode = FALSE
	EndGlobalSection
	GlobalSection(ExtensibilityGlobals) = postSolution
		SolutionGuid = {67946ED4-981F-4A20-9187-76A5FBFE8F5B}
	EndGlobalSection
EndGlobal
