
Microsoft Visual Studio Solution File, Format Version 12.00
# Visual Studio Version 16
VisualStudioVersion = 16.0.28729.10
MinimumVisualStudioVersion = 10.0.40219.1
Project("{FAE04EC0-301F-11D3-BF4B-00C04F79EFBC}") = "Sistematico 1m2(cesar vivas) prestamo", "Sistematico 1m2(cesar vivas) prestamo\Sistematico 1m2(cesar vivas) prestamo.csproj", "{BC918C84-75ED-4738-9CE3-26B2AE9243F2}"
EndProject
Global
	GlobalSection(SolutionConfigurationPlatforms) = preSolution
		Debug|Any CPU = Debug|Any CPU
		Release|Any CPU = Release|Any CPU
	EndGlobalSection
	GlobalSection(ProjectConfigurationPlatforms) = postSolution
		{BC918C84-75ED-4738-9CE3-26B2AE9243F2}.Debug|Any CPU.ActiveCfg = Debug|Any CPU
		{BC918C84-75ED-4738-9CE3-26B2AE9243F2}.Debug|Any CPU.Build.0 = Debug|Any CPU
		{BC918C84-75ED-4738-9CE3-26B2AE9243F2}.Release|Any CPU.ActiveCfg = Release|Any CPU
		{BC918C84-75ED-4738-9CE3-26B2AE9243F2}.Release|Any CPU.Build.0 = Release|Any CPU
	EndGlobalSection
	GlobalSection(SolutionProperties) = preSolution
		HideSolutionNode = FALSE
	EndGlobalSection
	GlobalSection(ExtensibilityGlobals) = postSolution
		SolutionGuid = {C30DAD74-5B85-4A7E-B586-2426336520C4}
	EndGlobalSection
EndGlobal
